
Microsoft Visual Studio Solution File, Format Version 12.00
# Visual Studio 2012
Project("{FAE04EC0-301F-11D3-BF4B-00C04F79EFBC}") = "ArrayChar", "ArrayChar\ArrayChar.csproj", "{55AD86C1-DA1D-455C-8118-3047AB7394DB}"
EndProject
Global
	GlobalSection(SolutionConfigurationPlatforms) = preSolution
		Debug|x86 = Debug|x86
		Release|x86 = Release|x86
	EndGlobalSection
	GlobalSection(ProjectConfigurationPlatforms) = postSolution
		{55AD86C1-DA1D-455C-8118-3047AB7394DB}.Debug|x86.ActiveCfg = Debug|x86
		{55AD86C1-DA1D-455C-8118-3047AB7394DB}.Debug|x86.Build.0 = Debug|x86
		{55AD86C1-DA1D-455C-8118-3047AB7394DB}.Release|x86.ActiveCfg = Release|x86
		{55AD86C1-DA1D-455C-8118-3047AB7394DB}.Release|x86.Build.0 = Release|x86
	EndGlobalSection
EndGlobal
